
Microsoft Visual Studio Solution File, Format Version 12.00
# Visual Studio Version 16
VisualStudioVersion = 16.0.28803.352
MinimumVisualStudioVersion = 10.0.40219.1
Project("{9A19103F-16F7-4668-BE54-9A1E7A4F7556}") = "AzureDevOpsClientPrototypConsole", "AzureDevOpsClientPrototypConsole\AzureDevOpsClientPrototypConsole.csproj", "{254269C4-F53B-4C48-897E-D31BDA79CA22}"
EndProject
Project("{9A19103F-16F7-4668-BE54-9A1E7A4F7556}") = "AzureDevOpsClientPrototypLogic", "AzureDevOpsClientPrototypLogic\AzureDevOpsClientPrototypLogic.csproj", "{E579185E-6DF5-4B8C-8D95-8087591B47F1}"
EndProject
Project("{FAE04EC0-301F-11D3-BF4B-00C04F79EFBC}") = "AzureDevOpsClientPrototypWinForm", "AzureDevOpsClientPrototypWinForm\AzureDevOpsClientPrototypWinForm.csproj", "{A0ACE415-7426-43B4-AC72-2509659AA359}"
EndProject
Global
	GlobalSection(SolutionConfigurationPlatforms) = preSolution
		Debug|Any CPU = Debug|Any CPU
		Release|Any CPU = Release|Any CPU
	EndGlobalSection
	GlobalSection(ProjectConfigurationPlatforms) = postSolution
		{254269C4-F53B-4C48-897E-D31BDA79CA22}.Debug|Any CPU.ActiveCfg = Debug|Any CPU
		{254269C4-F53B-4C48-897E-D31BDA79CA22}.Debug|Any CPU.Build.0 = Debug|Any CPU
		{254269C4-F53B-4C48-897E-D31BDA79CA22}.Release|Any CPU.ActiveCfg = Release|Any CPU
		{254269C4-F53B-4C48-897E-D31BDA79CA22}.Release|Any CPU.Build.0 = Release|Any CPU
		{E579185E-6DF5-4B8C-8D95-8087591B47F1}.Debug|Any CPU.ActiveCfg = Debug|Any CPU
		{E579185E-6DF5-4B8C-8D95-8087591B47F1}.Debug|Any CPU.Build.0 = Debug|Any CPU
		{E579185E-6DF5-4B8C-8D95-8087591B47F1}.Release|Any CPU.ActiveCfg = Release|Any CPU
		{E579185E-6DF5-4B8C-8D95-8087591B47F1}.Release|Any CPU.Build.0 = Release|Any CPU
		{A0ACE415-7426-43B4-AC72-2509659AA359}.Debug|Any CPU.ActiveCfg = Debug|Any CPU
		{A0ACE415-7426-43B4-AC72-2509659AA359}.Debug|Any CPU.Build.0 = Debug|Any CPU
		{A0ACE415-7426-43B4-AC72-2509659AA359}.Release|Any CPU.ActiveCfg = Release|Any CPU
		{A0ACE415-7426-43B4-AC72-2509659AA359}.Release|Any CPU.Build.0 = Release|Any CPU
	EndGlobalSection
	GlobalSection(SolutionProperties) = preSolution
		HideSolutionNode = FALSE
	EndGlobalSection
	GlobalSection(ExtensibilityGlobals) = postSolution
		SolutionGuid = {D09334B7-2829-41C3-8D15-E8FA1EE48383}
	EndGlobalSection
EndGlobal
